{
  "name": "teraflops.io",
  "lockfileVersion": 2,
  "requires": true,
  "packages": {
    "": {
      "dependencies": {
        "98.css": "^0.1.17"
      }
    },
    "node_modules/98.css": {
      "version": "0.1.17",
      "resolved": "https://registry.npmjs.org/98.css/-/98.css-0.1.17.tgz",
      "integrity": "sha512-gIKhzysTUaWYRrBEMjJanp4f65JbsZHcIXD3JHWZLwOz0vmmKP6toMnx0uF9RCfnteMBakzAeRDSbsi8Ez3ASQ=="
    }
  },
  "dependencies": {
    "98.css": {
      "version": "0.1.17",
      "resolved": "https://registry.npmjs.org/98.css/-/98.css-0.1.17.tgz",
      "integrity": "sha512-gIKhzysTUaWYRrBEMjJanp4f65JbsZHcIXD3JHWZLwOz0vmmKP6toMnx0uF9RCfnteMBakzAeRDSbsi8Ez3ASQ=="
    }
  }
}
